// !$*UTF8*$!
{
	archiveVersion = 1;
	classes = {
	};
	objectVersion = 56;
	objects = {

/* Begin PBXBuildFile section */
		346FE0312B4C69F900C4C901 /* Pokemon Instrumental.mp3 in Resources */ = {isa = PBXBuildFile; fileRef = 346FE0302B4C69F900C4C901 /* Pokemon Instrumental.mp3 */; };
		346FE0332B4C6A0D00C4C901 /* pokemonsound.mp3 in Resources */ = {isa = PBXBuildFile; fileRef = 346FE0322B4C6A0D00C4C901 /* pokemonsound.mp3 */; };
		347F739B2B2AACCC004395CB /* Subsonic in Frameworks */ = {isa = PBXBuildFile; productRef = 347F739A2B2AACCC004395CB /* Subsonic */; };
		3B2D325B291BFD9B00E69676 /* AppDelegate.swift in Sources */ = {isa = PBXBuildFile; fileRef = 3B2D325A291BFD9B00E69676 /* AppDelegate.swift */; };
		3B2D325D291BFD9B00E69676 /* GameScene.sks in Resources */ = {isa = PBXBuildFile; fileRef = 3B2D325C291BFD9B00E69676 /* GameScene.sks */; };
		3B2D3261291BFD9B00E69676 /* GameScene.swift in Sources */ = {isa = PBXBuildFile; fileRef = 3B2D3260291BFD9B00E69676 /* GameScene.swift */; };
		3B2D3263291BFD9B00E69676 /* GameViewController.swift in Sources */ = {isa = PBXBuildFile; fileRef = 3B2D3262291BFD9B00E69676 /* GameViewController.swift */; };
		3B2D3266291BFD9B00E69676 /* Main.storyboard in Resources */ = {isa = PBXBuildFile; fileRef = 3B2D3264291BFD9B00E69676 /* Main.storyboard */; };
		3B2D3268291BFD9C00E69676 /* Assets.xcassets in Resources */ = {isa = PBXBuildFile; fileRef = 3B2D3267291BFD9C00E69676 /* Assets.xcassets */; };
		3B2D326B291BFD9C00E69676 /* LaunchScreen.storyboard in Resources */ = {isa = PBXBuildFile; fileRef = 3B2D3269291BFD9C00E69676 /* LaunchScreen.storyboard */; };
		3B2D3272291C083500E69676 /* Player.swift in Sources */ = {isa = PBXBuildFile; fileRef = 3B2D3271291C083500E69676 /* Player.swift */; };
		3B6AB808292679E400D00E6F /* HealthMeter.sks in Resources */ = {isa = PBXBuildFile; fileRef = 3B6AB807292679E400D00E6F /* HealthMeter.sks */; };
		DFEBBE872B252851004B3125 /* Pokemon.swift in Sources */ = {isa = PBXBuildFile; fileRef = DFEBBE862B252851004B3125 /* Pokemon.swift */; };
		DFF464F92B2BB25C00A6E2C5 /* Collectibles.swift in Sources */ = {isa = PBXBuildFile; fileRef = DFF464F82B2BB25C00A6E2C5 /* Collectibles.swift */; };
		DFF464FB2B2BB2BA00A6E2C5 /* Pokeballs.swift in Sources */ = {isa = PBXBuildFile; fileRef = DFF464FA2B2BB2BA00A6E2C5 /* Pokeballs.swift */; };
		DFF7371F2B295D9E007468B2 /* GameConstants.swift in Sources */ = {isa = PBXBuildFile; fileRef = DFF7371E2B295D9E007468B2 /* GameConstants.swift */; };
/* End PBXBuildFile section */

/* Begin PBXFileReference section */
		346FE0302B4C69F900C4C901 /* Pokemon Instrumental.mp3 */ = {isa = PBXFileReference; lastKnownFileType = audio.mp3; name = "Pokemon Instrumental.mp3"; path = "../../Final(Not finished)/Pokemon2DII/Pokemon Instrumental.mp3"; sourceTree = "<group>"; };
		346FE0322B4C6A0D00C4C901 /* pokemonsound.mp3 */ = {isa = PBXFileReference; lastKnownFileType = audio.mp3; name = pokemonsound.mp3; path = "../../Final(Not finished)/Pokemon2DII/pokemonsound.mp3"; sourceTree = "<group>"; };
		3B2D3257291BFD9B00E69676 /* Pokemon2DII.app */ = {isa = PBXFileReference; explicitFileType = wrapper.application; includeInIndex = 0; path = Pokemon2DII.app; sourceTree = BUILT_PRODUCTS_DIR; };
		3B2D325A291BFD9B00E69676 /* AppDelegate.swift */ = {isa = PBXFileReference; lastKnownFileType = sourcecode.swift; path = AppDelegate.swift; sourceTree = "<group>"; };
		3B2D325C291BFD9B00E69676 /* GameScene.sks */ = {isa = PBXFileReference; lastKnownFileType = file.sks; path = GameScene.sks; sourceTree = "<group>"; };
		3B2D3260291BFD9B00E69676 /* GameScene.swift */ = {isa = PBXFileReference; lastKnownFileType = sourcecode.swift; path = GameScene.swift; sourceTree = "<group>"; };
		3B2D3262291BFD9B00E69676 /* GameViewController.swift */ = {isa = PBXFileReference; lastKnownFileType = sourcecode.swift; path = GameViewController.swift; sourceTree = "<group>"; };
		3B2D3265291BFD9B00E69676 /* Base */ = {isa = PBXFileReference; lastKnownFileType = file.storyboard; name = Base; path = Base.lproj/Main.storyboard; sourceTree = "<group>"; };
		3B2D3267291BFD9C00E69676 /* Assets.xcassets */ = {isa = PBXFileReference; lastKnownFileType = folder.assetcatalog; path = Assets.xcassets; sourceTree = "<group>"; };
		3B2D326A291BFD9C00E69676 /* Base */ = {isa = PBXFileReference; lastKnownFileType = file.storyboard; name = Base; path = Base.lproj/LaunchScreen.storyboard; sourceTree = "<group>"; };
		3B2D3271291C083500E69676 /* Player.swift */ = {isa = PBXFileReference; lastKnownFileType = sourcecode.swift; path = Player.swift; sourceTree = "<group>"; };
		3B6AB807292679E400D00E6F /* HealthMeter.sks */ = {isa = PBXFileReference; lastKnownFileType = file.sks; path = HealthMeter.sks; sourceTree = "<group>"; };
		DFEBBE862B252851004B3125 /* Pokemon.swift */ = {isa = PBXFileReference; lastKnownFileType = sourcecode.swift; path = Pokemon.swift; sourceTree = "<group>"; };
		DFF464F82B2BB25C00A6E2C5 /* Collectibles.swift */ = {isa = PBXFileReference; lastKnownFileType = sourcecode.swift; path = Collectibles.swift; sourceTree = "<group>"; };
		DFF464FA2B2BB2BA00A6E2C5 /* Pokeballs.swift */ = {isa = PBXFileReference; lastKnownFileType = sourcecode.swift; path = Pokeballs.swift; sourceTree = "<group>"; };
		DFF7371E2B295D9E007468B2 /* GameConstants.swift */ = {isa = PBXFileReference; lastKnownFileType = sourcecode.swift; path = GameConstants.swift; sourceTree = "<group>"; };
/* End PBXFileReference section */

/* Begin PBXFrameworksBuildPhase section */
		3B2D3254291BFD9B00E69676 /* Frameworks */ = {
			isa = PBXFrameworksBuildPhase;
			buildActionMask = 2147483647;
			files = (
				347F739B2B2AACCC004395CB /* Subsonic in Frameworks */,
			);
			runOnlyForDeploymentPostprocessing = 0;
		};
/* End PBXFrameworksBuildPhase section */

/* Begin PBXGroup section */
		3B2D324E291BFD9B00E69676 = {
			isa = PBXGroup;
			children = (
				DFF7371E2B295D9E007468B2 /* GameConstants.swift */,
				3B2D3259291BFD9B00E69676 /* Pokemon2DII */,
				3B2D3258291BFD9B00E69676 /* Products */,
			);
			sourceTree = "<group>";
		};
		3B2D3258291BFD9B00E69676 /* Products */ = {
			isa = PBXGroup;
			children = (
				3B2D3257291BFD9B00E69676 /* Pokemon2DII.app */,
			);
			name = Products;
			sourceTree = "<group>";
		};
		3B2D3259291BFD9B00E69676 /* Pokemon2DII */ = {
			isa = PBXGroup;
			children = (
				3B2D3271291C083500E69676 /* Player.swift */,
				3B2D325A291BFD9B00E69676 /* AppDelegate.swift */,
				3B2D325C291BFD9B00E69676 /* GameScene.sks */,
				DFF464F82B2BB25C00A6E2C5 /* Collectibles.swift */,
				DFF464FA2B2BB2BA00A6E2C5 /* Pokeballs.swift */,
				3B2D3260291BFD9B00E69676 /* GameScene.swift */,
				346FE0322B4C6A0D00C4C901 /* pokemonsound.mp3 */,
				346FE0302B4C69F900C4C901 /* Pokemon Instrumental.mp3 */,
				3B2D3262291BFD9B00E69676 /* GameViewController.swift */,
				3B2D3264291BFD9B00E69676 /* Main.storyboard */,
				3B2D3267291BFD9C00E69676 /* Assets.xcassets */,
				3B2D3269291BFD9C00E69676 /* LaunchScreen.storyboard */,
				3B6AB807292679E400D00E6F /* HealthMeter.sks */,
				DFEBBE862B252851004B3125 /* Pokemon.swift */,
			);
			path = Pokemon2DII;
			sourceTree = "<group>";
		};
/* End PBXGroup section */

/* Begin PBXNativeTarget section */
		3B2D3256291BFD9B00E69676 /* Pokemon2DII */ = {
			isa = PBXNativeTarget;
			buildConfigurationList = 3B2D326E291BFD9C00E69676 /* Build configuration list for PBXNativeTarget "Pokemon2DII" */;
			buildPhases = (
				3B2D3253291BFD9B00E69676 /* Sources */,
				3B2D3254291BFD9B00E69676 /* Frameworks */,
				3B2D3255291BFD9B00E69676 /* Resources */,
			);
			buildRules = (
			);
			dependencies = (
			);
			name = Pokemon2DII;
			packageProductDependencies = (
				347F739A2B2AACCC004395CB /* Subsonic */,
			);
			productName = Pokemon2DII;
			productReference = 3B2D3257291BFD9B00E69676 /* Pokemon2DII.app */;
			productType = "com.apple.product-type.application";
		};
/* End PBXNativeTarget section */

/* Begin PBXProject section */
		3B2D324F291BFD9B00E69676 /* Project object */ = {
			isa = PBXProject;
			attributes = {
				BuildIndependentTargetsInParallel = 1;
				LastSwiftUpdateCheck = 1410;
				LastUpgradeCheck = 1410;
				TargetAttributes = {
					3B2D3256291BFD9B00E69676 = {
						CreatedOnToolsVersion = 14.1;
					};
				};
			};
			buildConfigurationList = 3B2D3252291BFD9B00E69676 /* Build configuration list for PBXProject "Pokemon2DII" */;
			compatibilityVersion = "Xcode 14.0";
			developmentRegion = en;
			hasScannedForEncodings = 0;
			knownRegions = (
				en,
				Base,
			);
			mainGroup = 3B2D324E291BFD9B00E69676;
			packageReferences = (
				347F73992B2AACCC004395CB /* XCRemoteSwiftPackageReference "Subsonic" */,
			);
			productRefGroup = 3B2D3258291BFD9B00E69676 /* Products */;
			projectDirPath = "";
			projectRoot = "";
			targets = (
				3B2D3256291BFD9B00E69676 /* Pokemon2DII */,
			);
		};
/* End PBXProject section */

/* Begin PBXResourcesBuildPhase section */
		3B2D3255291BFD9B00E69676 /* Resources */ = {
			isa = PBXResourcesBuildPhase;
			buildActionMask = 2147483647;
			files = (
				3B6AB808292679E400D00E6F /* HealthMeter.sks in Resources */,
				3B2D3266291BFD9B00E69676 /* Main.storyboard in Resources */,
				3B2D325D291BFD9B00E69676 /* GameScene.sks in Resources */,
				346FE0332B4C6A0D00C4C901 /* pokemonsound.mp3 in Resources */,
				3B2D3268291BFD9C00E69676 /* Assets.xcassets in Resources */,
				346FE0312B4C69F900C4C901 /* Pokemon Instrumental.mp3 in Resources */,
				3B2D326B291BFD9C00E69676 /* LaunchScreen.storyboard in Resources */,
			);
			runOnlyForDeploymentPostprocessing = 0;
		};
/* End PBXResourcesBuildPhase section */

/* Begin PBXSourcesBuildPhase section */
		3B2D3253291BFD9B00E69676 /* Sources */ = {
			isa = PBXSourcesBuildPhase;
			buildActionMask = 2147483647;
			files = (
				DFEBBE872B252851004B3125 /* Pokemon.swift in Sources */,
				3B2D3272291C083500E69676 /* Player.swift in Sources */,
				3B2D3261291BFD9B00E69676 /* GameScene.swift in Sources */,
				3B2D3263291BFD9B00E69676 /* GameViewController.swift in Sources */,
				DFF464F92B2BB25C00A6E2C5 /* Collectibles.swift in Sources */,
				3B2D325B291BFD9B00E69676 /* AppDelegate.swift in Sources */,
				DFF7371F2B295D9E007468B2 /* GameConstants.swift in Sources */,
				DFF464FB2B2BB2BA00A6E2C5 /* Pokeballs.swift in Sources */,
			);
			runOnlyForDeploymentPostprocessing = 0;
		};
/* End PBXSourcesBuildPhase section */

/* Begin PBXVariantGroup section */
		3B2D3264291BFD9B00E69676 /* Main.storyboard */ = {
			isa = PBXVariantGroup;
			children = (
				3B2D3265291BFD9B00E69676 /* Base */,
			);
			name = Main.storyboard;
			sourceTree = "<group>";
		};
		3B2D3269291BFD9C00E69676 /* LaunchScreen.storyboard */ = {
			isa = PBXVariantGroup;
			children = (
				3B2D326A291BFD9C00E69676 /* Base */,
			);
			name = LaunchScreen.storyboard;
			sourceTree = "<group>";
		};
/* End PBXVariantGroup section */

/* Begin XCBuildConfiguration section */
		3B2D326C291BFD9C00E69676 /* Debug */ = {
			isa = XCBuildConfiguration;
			buildSettings = {
				ALWAYS_SEARCH_USER_PATHS = NO;
				CLANG_ANALYZER_NONNULL = YES;
				CLANG_ANALYZER_NUMBER_OBJECT_CONVERSION = YES_AGGRESSIVE;
				CLANG_CXX_LANGUAGE_STANDARD = "gnu++20";
				CLANG_ENABLE_MODULES = YES;
				CLANG_ENABLE_OBJC_ARC = YES;
				CLANG_ENABLE_OBJC_WEAK = YES;
				CLANG_WARN_BLOCK_CAPTURE_AUTORELEASING = YES;
				CLANG_WARN_BOOL_CONVERSION = YES;
				CLANG_WARN_COMMA = YES;
				CLANG_WARN_CONSTANT_CONVERSION = YES;
				CLANG_WARN_DEPRECATED_OBJC_IMPLEMENTATIONS = YES;
				CLANG_WARN_DIRECT_OBJC_ISA_USAGE = YES_ERROR;
				CLANG_WARN_DOCUMENTATION_COMMENTS = YES;
				CLANG_WARN_EMPTY_BODY = YES;
				CLANG_WARN_ENUM_CONVERSION = YES;
				CLANG_WARN_INFINITE_RECURSION = YES;
				CLANG_WARN_INT_CONVERSION = YES;
				CLANG_WARN_NON_LITERAL_NULL_CONVERSION = YES;
				CLANG_WARN_OBJC_IMPLICIT_RETAIN_SELF = YES;
				CLANG_WARN_OBJC_LITERAL_CONVERSION = YES;
				CLANG_WARN_OBJC_ROOT_CLASS = YES_ERROR;
				CLANG_WARN_QUOTED_INCLUDE_IN_FRAMEWORK_HEADER = YES;
				CLANG_WARN_RANGE_LOOP_ANALYSIS = YES;
				CLANG_WARN_STRICT_PROTOTYPES = YES;
				CLANG_WARN_SUSPICIOUS_MOVE = YES;
				CLANG_WARN_UNGUARDED_AVAILABILITY = YES_AGGRESSIVE;
				CLANG_WARN_UNREACHABLE_CODE = YES;
				CLANG_WARN__DUPLICATE_METHOD_MATCH = YES;
				COPY_PHASE_STRIP = NO;
				DEBUG_INFORMATION_FORMAT = dwarf;
				ENABLE_STRICT_OBJC_MSGSEND = YES;
				ENABLE_TESTABILITY = YES;
				GCC_C_LANGUAGE_STANDARD = gnu11;
				GCC_DYNAMIC_NO_PIC = NO;
				GCC_NO_COMMON_BLOCKS = YES;
				GCC_OPTIMIZATION_LEVEL = 0;
				GCC_PREPROCESSOR_DEFINITIONS = (
					"DEBUG=1",
					"$(inherited)",
				);
				GCC_WARN_64_TO_32_BIT_CONVERSION = YES;
				GCC_WARN_ABOUT_RETURN_TYPE = YES_ERROR;
				GCC_WARN_UNDECLARED_SELECTOR = YES;
				GCC_WARN_UNINITIALIZED_AUTOS = YES_AGGRESSIVE;
				GCC_WARN_UNUSED_FUNCTION = YES;
				GCC_WARN_UNUSED_VARIABLE = YES;
				IPHONEOS_DEPLOYMENT_TARGET = 16.1;
				MTL_ENABLE_DEBUG_INFO = INCLUDE_SOURCE;
				MTL_FAST_MATH = YES;
				ONLY_ACTIVE_ARCH = YES;
				SDKROOT = iphoneos;
				SWIFT_ACTIVE_COMPILATION_CONDITIONS = DEBUG;
				SWIFT_OPTIMIZATION_LEVEL = "-Onone";
			};
			name = Debug;
		};
		3B2D326D291BFD9C00E69676 /* Release */ = {
			isa = XCBuildConfiguration;
			buildSettings = {
				ALWAYS_SEARCH_USER_PATHS = NO;
				CLANG_ANALYZER_NONNULL = YES;
				CLANG_ANALYZER_NUMBER_OBJECT_CONVERSION = YES_AGGRESSIVE;
				CLANG_CXX_LANGUAGE_STANDARD = "gnu++20";
				CLANG_ENABLE_MODULES = YES;
				CLANG_ENABLE_OBJC_ARC = YES;
				CLANG_ENABLE_OBJC_WEAK = YES;
				CLANG_WARN_BLOCK_CAPTURE_AUTORELEASING = YES;
				CLANG_WARN_BOOL_CONVERSION = YES;
				CLANG_WARN_COMMA = YES;
				CLANG_WARN_CONSTANT_CONVERSION = YES;
				CLANG_WARN_DEPRECATED_OBJC_IMPLEMENTATIONS = YES;
				CLANG_WARN_DIRECT_OBJC_ISA_USAGE = YES_ERROR;
				CLANG_WARN_DOCUMENTATION_COMMENTS = YES;
				CLANG_WARN_EMPTY_BODY = YES;
				CLANG_WARN_ENUM_CONVERSION = YES;
				CLANG_WARN_INFINITE_RECURSION = YES;
				CLANG_WARN_INT_CONVERSION = YES;
				CLANG_WARN_NON_LITERAL_NULL_CONVERSION = YES;
				CLANG_WARN_OBJC_IMPLICIT_RETAIN_SELF = YES;
				CLANG_WARN_OBJC_LITERAL_CONVERSION = YES;
				CLANG_WARN_OBJC_ROOT_CLASS = YES_ERROR;
				CLANG_WARN_QUOTED_INCLUDE_IN_FRAMEWORK_HEADER = YES;
				CLANG_WARN_RANGE_LOOP_ANALYSIS = YES;
				CLANG_WARN_STRICT_PROTOTYPES = YES;
				CLANG_WARN_SUSPICIOUS_MOVE = YES;
				CLANG_WARN_UNGUARDED_AVAILABILITY = YES_AGGRESSIVE;
				CLANG_WARN_UNREACHABLE_CODE = YES;
				CLANG_WARN__DUPLICATE_METHOD_MATCH = YES;
				COPY_PHASE_STRIP = NO;
				DEBUG_INFORMATION_FORMAT = "dwarf-with-dsym";
				ENABLE_NS_ASSERTIONS = NO;
				ENABLE_STRICT_OBJC_MSGSEND = YES;
				GCC_C_LANGUAGE_STANDARD = gnu11;
				GCC_NO_COMMON_BLOCKS = YES;
				GCC_WARN_64_TO_32_BIT_CONVERSION = YES;
				GCC_WARN_ABOUT_RETURN_TYPE = YES_ERROR;
				GCC_WARN_UNDECLARED_SELECTOR = YES;
				GCC_WARN_UNINITIALIZED_AUTOS = YES_AGGRESSIVE;
				GCC_WARN_UNUSED_FUNCTION = YES;
				GCC_WARN_UNUSED_VARIABLE = YES;
				IPHONEOS_DEPLOYMENT_TARGET = 16.1;
				MTL_ENABLE_DEBUG_INFO = NO;
				MTL_FAST_MATH = YES;
				SDKROOT = iphoneos;
				SWIFT_COMPILATION_MODE = wholemodule;
				SWIFT_OPTIMIZATION_LEVEL = "-O";
				VALIDATE_PRODUCT = YES;
			};
			name = Release;
		};
		3B2D326F291BFD9C00E69676 /* Debug */ = {
			isa = XCBuildConfiguration;
			buildSettings = {
				ASSETCATALOG_COMPILER_APPICON_NAME = AppIcon;
				ASSETCATALOG_COMPILER_GLOBAL_ACCENT_COLOR_NAME = AccentColor;
				CODE_SIGN_STYLE = Automatic;
				CURRENT_PROJECT_VERSION = 1;
				GENERATE_INFOPLIST_FILE = YES;
				INFOPLIST_KEY_UIApplicationSupportsIndirectInputEvents = YES;
				INFOPLIST_KEY_UILaunchStoryboardName = LaunchScreen;
				INFOPLIST_KEY_UIMainStoryboardFile = Main;
				INFOPLIST_KEY_UIStatusBarHidden = YES;
				INFOPLIST_KEY_UISupportedInterfaceOrientations_iPad = "UIInterfaceOrientationPortrait UIInterfaceOrientationPortraitUpsideDown UIInterfaceOrientationLandscapeLeft UIInterfaceOrientationLandscapeRight";
				INFOPLIST_KEY_UISupportedInterfaceOrientations_iPhone = "UIInterfaceOrientationPortrait UIInterfaceOrientationLandscapeLeft UIInterfaceOrientationLandscapeRight";
				LD_RUNPATH_SEARCH_PATHS = (
					"$(inherited)",
					"@executable_path/Frameworks",
				);
				MARKETING_VERSION = 1.0;
				PRODUCT_BUNDLE_IDENTIFIER = com.cs.wcupa.Pokemon2DII;
				PRODUCT_NAME = "$(TARGET_NAME)";
				SWIFT_EMIT_LOC_STRINGS = YES;
				SWIFT_VERSION = 5.0;
				TARGETED_DEVICE_FAMILY = "1,2";
			};
			name = Debug;
		};
		3B2D3270291BFD9C00E69676 /* Release */ = {
			isa = XCBuildConfiguration;
			buildSettings = {
				ASSETCATALOG_COMPILER_APPICON_NAME = AppIcon;
				ASSETCATALOG_COMPILER_GLOBAL_ACCENT_COLOR_NAME = AccentColor;
				CODE_SIGN_STYLE = Automatic;
				CURRENT_PROJECT_VERSION = 1;
				GENERATE_INFOPLIST_FILE = YES;
				INFOPLIST_KEY_UIApplicationSupportsIndirectInputEvents = YES;
				INFOPLIST_KEY_UILaunchStoryboardName = LaunchScreen;
				INFOPLIST_KEY_UIMainStoryboardFile = Main;
				INFOPLIST_KEY_UIStatusBarHidden = YES;
				INFOPLIST_KEY_UISupportedInterfaceOrientations_iPad = "UIInterfaceOrientationPortrait UIInterfaceOrientationPortraitUpsideDown UIInterfaceOrientationLandscapeLeft UIInterfaceOrientationLandscapeRight";
				INFOPLIST_KEY_UISupportedInterfaceOrientations_iPhone = "UIInterfaceOrientationPortrait UIInterfaceOrientationLandscapeLeft UIInterfaceOrientationLandscapeRight";
				LD_RUNPATH_SEARCH_PATHS = (
					"$(inherited)",
					"@executable_path/Frameworks",
				);
				MARKETING_VERSION = 1.0;
				PRODUCT_BUNDLE_IDENTIFIER = com.cs.wcupa.Pokemon2DII;
				PRODUCT_NAME = "$(TARGET_NAME)";
				SWIFT_EMIT_LOC_STRINGS = YES;
				SWIFT_VERSION = 5.0;
				TARGETED_DEVICE_FAMILY = "1,2";
			};
			name = Release;
		};
/* End XCBuildConfiguration section */

/* Begin XCConfigurationList section */
		3B2D3252291BFD9B00E69676 /* Build configuration list for PBXProject "Pokemon2DII" */ = {
			isa = XCConfigurationList;
			buildConfigurations = (
				3B2D326C291BFD9C00E69676 /* Debug */,
				3B2D326D291BFD9C00E69676 /* Release */,
			);
			defaultConfigurationIsVisible = 0;
			defaultConfigurationName = Release;
		};
		3B2D326E291BFD9C00E69676 /* Build configuration list for PBXNativeTarget "Pokemon2DII" */ = {
			isa = XCConfigurationList;
			buildConfigurations = (
				3B2D326F291BFD9C00E69676 /* Debug */,
				3B2D3270291BFD9C00E69676 /* Release */,
			);
			defaultConfigurationIsVisible = 0;
			defaultConfigurationName = Release;
		};
/* End XCConfigurationList section */

/* Begin XCRemoteSwiftPackageReference section */
		347F73992B2AACCC004395CB /* XCRemoteSwiftPackageReference "Subsonic" */ = {
			isa = XCRemoteSwiftPackageReference;
			repositoryURL = "https://github.com/twostraws/Subsonic";
			requirement = {
				kind = upToNextMajorVersion;
				minimumVersion = 0.2.0;
			};
		};
/* End XCRemoteSwiftPackageReference section */

/* Begin XCSwiftPackageProductDependency section */
		347F739A2B2AACCC004395CB /* Subsonic */ = {
			isa = XCSwiftPackageProductDependency;
			package = 347F73992B2AACCC004395CB /* XCRemoteSwiftPackageReference "Subsonic" */;
			productName = Subsonic;
		};
/* End XCSwiftPackageProductDependency section */
	};
	rootObject = 3B2D324F291BFD9B00E69676 /* Project object */;
}
